Microsoft Visual Studio Solution File, Format Version 12.00
# Visual Studio Version 17
VisualStudioVersion = 17.5.2.0
MinimumVisualStudioVersion = 10.0.40219.1
Project("{FAE04EC0-301F-11D3-BF4B-00C04F79EFBC}") = "OfertasLaborales", "OfertasLaborales.csproj", "{805F856D-FC69-8D5F-9492-2A878FEE6F26}"
EndProject
Global
	GlobalSection(SolutionConfigurationPlatforms) = preSolution
		Debug|Any CPU = Debug|Any CPU
		Release|Any CPU = Release|Any CPU
	EndGlobalSection
	GlobalSection(ProjectConfigurationPlatforms) = postSolution
		{805F856D-FC69-8D5F-9492-2A878FEE6F26}.Debug|Any CPU.ActiveCfg = Debug|Any CPU
		{805F856D-FC69-8D5F-9492-2A878FEE6F26}.Debug|Any CPU.Build.0 = Debug|Any CPU
		{805F856D-FC69-8D5F-9492-2A878FEE6F26}.Release|Any CPU.ActiveCfg = Release|Any CPU
		{805F856D-FC69-8D5F-9492-2A878FEE6F26}.Release|Any CPU.Build.0 = Release|Any CPU
	EndGlobalSection
	GlobalSection(SolutionProperties) = preSolution
		HideSolutionNode = FALSE
	EndGlobalSection
	GlobalSection(ExtensibilityGlobals) = postSolution
		SolutionGuid = {BE93D727-CB92-4A3E-9470-DA98E4053AA2}
	EndGlobalSection
EndGlobal
